
Microsoft Visual Studio Solution File, Format Version 12.00
# Visual Studio 15
VisualStudioVersion = 15.0.27130.2027
MinimumVisualStudioVersion = 10.0.40219.1
Project("{FAE04EC0-301F-11D3-BF4B-00C04F79EFBC}") = "PictureViewer", "PictureViewer\PictureViewer.csproj", "{6537D752-6D09-4C49-83F2-07796B6D686A}"
EndProject
Global
	GlobalSection(SolutionConfigurationPlatforms) = preSolution
		Debug|Any CPU = Debug|Any CPU
		Release|Any CPU = Release|Any CPU
	EndGlobalSection
	GlobalSection(ProjectConfigurationPlatforms) = postSolution
		{6537D752-6D09-4C49-83F2-07796B6D686A}.Debug|Any CPU.ActiveCfg = Debug|Any CPU
		{6537D752-6D09-4C49-83F2-07796B6D686A}.Debug|Any CPU.Build.0 = Debug|Any CPU
		{6537D752-6D09-4C49-83F2-07796B6D686A}.Release|Any CPU.ActiveCfg = Release|Any CPU
		{6537D752-6D09-4C49-83F2-07796B6D686A}.Release|Any CPU.Build.0 = Release|Any CPU
	EndGlobalSection
	GlobalSection(SolutionProperties) = preSolution
		HideSolutionNode = FALSE
	EndGlobalSection
	GlobalSection(ExtensibilityGlobals) = postSolution
		SolutionGuid = {2D789A2E-B87A-4ED6-A403-72649691D301}
	EndGlobalSection
EndGlobal
